
Microsoft Visual Studio Solution File, Format Version 12.00
# Visual Studio 15
VisualStudioVersion = 15.0.27130.2010
MinimumVisualStudioVersion = 10.0.40219.1
Project("{9A19103F-16F7-4668-BE54-9A1E7A4F7556}") = "ReviewYourFavourites.Web", "ReviewYourFavourites.Web\ReviewYourFavourites.Web.csproj", "{C8E9BA0E-89AD-4F7B-975D-6706130C11F2}"
EndProject
Project("{FAE04EC0-301F-11D3-BF4B-00C04F79EFBC}") = "ReviewYourFavourites.Data", "ReviewYourFavourites.Data\ReviewYourFavourites.Data.csproj", "{9DD6F79D-DD23-426A-8310-A5240DFAB245}"
EndProject
Project("{FAE04EC0-301F-11D3-BF4B-00C04F79EFBC}") = "ReviewYourFavourites.Common", "ReviewYourFavourites.Common\ReviewYourFavourites.Common.csproj", "{AF01473A-1FFF-4E67-8F1B-8A33041A306A}"
EndProject
Global
	GlobalSection(SolutionConfigurationPlatforms) = preSolution
		Debug|Any CPU = Debug|Any CPU
		Release|Any CPU = Release|Any CPU
	EndGlobalSection
	GlobalSection(ProjectConfigurationPlatforms) = postSolution
		{C8E9BA0E-89AD-4F7B-975D-6706130C11F2}.Debug|Any CPU.ActiveCfg = Debug|Any CPU
		{C8E9BA0E-89AD-4F7B-975D-6706130C11F2}.Debug|Any CPU.Build.0 = Debug|Any CPU
		{C8E9BA0E-89AD-4F7B-975D-6706130C11F2}.Release|Any CPU.ActiveCfg = Release|Any CPU
		{C8E9BA0E-89AD-4F7B-975D-6706130C11F2}.Release|Any CPU.Build.0 = Release|Any CPU
		{9DD6F79D-DD23-426A-8310-A5240DFAB245}.Debug|Any CPU.ActiveCfg = Debug|Any CPU
		{9DD6F79D-DD23-426A-8310-A5240DFAB245}.Debug|Any CPU.Build.0 = Debug|Any CPU
		{9DD6F79D-DD23-426A-8310-A5240DFAB245}.Release|Any CPU.ActiveCfg = Release|Any CPU
		{9DD6F79D-DD23-426A-8310-A5240DFAB245}.Release|Any CPU.Build.0 = Release|Any CPU
		{AF01473A-1FFF-4E67-8F1B-8A33041A306A}.Debug|Any CPU.ActiveCfg = Debug|Any CPU
		{AF01473A-1FFF-4E67-8F1B-8A33041A306A}.Debug|Any CPU.Build.0 = Debug|Any CPU
		{AF01473A-1FFF-4E67-8F1B-8A33041A306A}.Release|Any CPU.ActiveCfg = Release|Any CPU
		{AF01473A-1FFF-4E67-8F1B-8A33041A306A}.Release|Any CPU.Build.0 = Release|Any CPU
	EndGlobalSection
	GlobalSection(SolutionProperties) = preSolution
		HideSolutionNode = FALSE
	EndGlobalSection
	GlobalSection(ExtensibilityGlobals) = postSolution
		SolutionGuid = {C94ED092-E7A3-41A2-99A8-6B320FDD0CA0}
	EndGlobalSection
EndGlobal
